
Microsoft Visual Studio Solution File, Format Version 12.00
# Visual Studio 15
VisualStudioVersion = 15.0.28307.168
MinimumVisualStudioVersion = 10.0.40219.1
Project("{FAE04EC0-301F-11D3-BF4B-00C04F79EFBC}") = "Wolftech-CC", "Wolftech-CC\Wolftech-CC.csproj", "{9F03A095-692D-438C-A701-CFF7E9DFE766}"
EndProject
Project("{FAE04EC0-301F-11D3-BF4B-00C04F79EFBC}") = "Tests", "Tests\Tests.csproj", "{CF378710-C4B1-481C-8FDA-C5599ED6648B}"
EndProject
Global
	GlobalSection(SolutionConfigurationPlatforms) = preSolution
		Debug|Any CPU = Debug|Any CPU
		Release|Any CPU = Release|Any CPU
	EndGlobalSection
	GlobalSection(ProjectConfigurationPlatforms) = postSolution
		{9F03A095-692D-438C-A701-CFF7E9DFE766}.Debug|Any CPU.ActiveCfg = Debug|Any CPU
		{9F03A095-692D-438C-A701-CFF7E9DFE766}.Debug|Any CPU.Build.0 = Debug|Any CPU
		{9F03A095-692D-438C-A701-CFF7E9DFE766}.Release|Any CPU.ActiveCfg = Release|Any CPU
		{9F03A095-692D-438C-A701-CFF7E9DFE766}.Release|Any CPU.Build.0 = Release|Any CPU
		{CF378710-C4B1-481C-8FDA-C5599ED6648B}.Debug|Any CPU.ActiveCfg = Debug|Any CPU
		{CF378710-C4B1-481C-8FDA-C5599ED6648B}.Debug|Any CPU.Build.0 = Debug|Any CPU
		{CF378710-C4B1-481C-8FDA-C5599ED6648B}.Release|Any CPU.ActiveCfg = Release|Any CPU
		{CF378710-C4B1-481C-8FDA-C5599ED6648B}.Release|Any CPU.Build.0 = Release|Any CPU
	EndGlobalSection
	GlobalSection(SolutionProperties) = preSolution
		HideSolutionNode = FALSE
	EndGlobalSection
	GlobalSection(ExtensibilityGlobals) = postSolution
		SolutionGuid = {86A348CE-DC74-4AA5-B1A3-1A0BA3DA2461}
	EndGlobalSection
EndGlobal
